lockfileVersion: '9.0'

settings:
  autoInstallPeers: false
  excludeLinksFromLockfile: false

catalogs:
  default:
    '@replit/vite-plugin-cartographer':
      specifier: ^0.5.1
      version: 0.5.1
    '@replit/vite-plugin-dev-banner':
      specifier: ^0.1.1
      version: 0.1.2
    '@replit/vite-plugin-runtime-error-modal':
      specifier: ^0.0.6
      version: 0.0.6
    '@tailwindcss/vite':
      specifier: ^4.1.14
      version: 4.2.1
    '@tanstack/react-query':
      specifier: ^5.90.21
      version: 5.90.21
    '@types/node':
      specifier: ^25.3.3
      version: 25.3.5
    '@types/react':
      specifier: ^19.2.0
      version: 19.2.14
    '@types/react-dom':
      specifier: ^19.2.0
      version: 19.2.3
    '@vitejs/plugin-react':
      specifier: ^5.0.4
      version: 5.1.4
    class-variance-authority:
      specifier: ^0.7.1
      version: 0.7.1
    clsx:
      specifier: ^2.1.1
      version: 2.1.1
    drizzle-orm:
      specifier: ^0.45.2
      version: 0.45.2
    framer-motion:
      specifier: ^12.23.24
      version: 12.35.1
    lucide-react:
      specifier: ^0.545.0
      version: 0.545.0
    react:
      specifier: 19.1.0
      version: 19.1.0
    react-dom:
      specifier: 19.1.0
      version: 19.1.0
    tailwind-merge:
      specifier: ^3.3.1
      version: 3.5.0
    tailwindcss:
      specifier: ^4.1.14
      version: 4.2.1
    tsx:
      specifier: ^4.21.0
      version: 4.21.0
    vite:
      specifier: ^7.3.2
      version: 7.3.2
    zod:
      specifier: ^3.25.76
      version: 3.25.76

importers:

  .:
    devDependencies:
      prettier:
        specifier: ^3.8.1
        version: 3.8.1
      typescript:
        specifier: ~5.9.2
        version: 5.9.3

  artifacts/api-server:
    dependencies:
      '@workspace/api-zod':
        specifier: workspace:*
        version: link:../../lib/api-zod
      '@workspace/db':
        specifier: workspace:*
        version: link:../../lib/db
      '@workspace/integrations-openai-ai-server':
        specifier: workspace:*
        version: link:../../lib/integrations-openai-ai-server
      bcryptjs:
        specifier: ^3.0.3
        version: 3.0.3
      cookie-parser:
        specifier: ^1.4.7
        version: 1.4.7
      cors:
        specifier: ^2
        version: 2.8.6
      drizzle-orm:
        specifier: 'catalog:'
        version: 0.45.2(@types/pg@8.18.0)(pg@8.20.0)
      express:
        specifier: ^5
        version: 5.2.1
      express-rate-limit:
        specifier: ^8.4.1
        version: 8.4.1(express@5.2.1)
      helmet:
        specifier: ^8.2.0
        version: 8.2.0
      jsonwebtoken:
        specifier: ^9.0.3
        version: 9.0.3
      pino:
        specifier: ^9
        version: 9.14.0
      pino-http:
        specifier: ^10
        version: 10.5.0
    devDependencies:
      '@types/bcryptjs':
        specifier: ^3.0.0
        version: 3.0.0
      '@types/cookie-parser':
        specifier: ^1.4.10
        version: 1.4.10(@types/express@5.0.6)
      '@types/cors':
        specifier: ^2.8.19
        version: 2.8.19
      '@types/express':
        specifier: ^5.0.6
        version: 5.0.6
      '@types/jsonwebtoken':
        specifier: ^9.0.10
        version: 9.0.10
      '@types/node':
        specifier: 'catalog:'
        version: 25.3.5
      esbuild:
        specifier: 0.27.3
        version: 0.27.3
      esbuild-plugin-pino:
        specifier: ^2.3.3
        version: 2.3.3(esbuild@0.27.3)(pino-pretty@13.1.3)(pino@9.14.0)(thread-stream@3.1.0)
      pino-pretty:
        specifier: ^13
        version: 13.1.3
      thread-stream:
        specifier: 3.1.0
        version: 3.1.0

  lib/api-client-react:
    dependencies:
      '@tanstack/react-query':
        specifier: 'catalog:'
        version: 5.90.21(react@19.1.0)

  lib/api-spec:
    devDependencies:
      orval:
        specifier: ^8.5.2
        version: 8.5.3(prettier@3.8.1)(typescript@5.9.3)

  lib/api-zod:
    dependencies:
      zod:
        specifier: 'catalog:'
        version: 3.25.76

  lib/db:
    dependencies:
      drizzle-orm:
        specifier: 'catalog:'
        version: 0.45.2(@types/pg@8.18.0)(pg@8.20.0)
      drizzle-zod:
        specifier: ^0.8.3
        version: 0.8.3(drizzle-orm@0.45.2(@types/pg@8.18.0)(pg@8.20.0))(zod@3.25.76)
      pg:
        specifier: ^8.20.0
        version: 8.20.0
      zod:
        specifier: 'catalog:'
        version: 3.25.76
    devDependencies:
      '@types/node':
        specifier: 'catalog:'
        version: 25.3.5
      '@types/pg':
        specifier: ^8.18.0
        version: 8.18.0
      drizzle-kit:
        specifier: ^0.31.9
        version: 0.31.9

  lib/integrations-openai-ai-react:
    devDependencies:
      '@types/react':
        specifier: 'catalog:'
        version: 19.2.14

  lib/integrations-openai-ai-server:
    dependencies:
      openai:
        specifier: ^6.27.0
        version: 6.35.0(zod@4.3.6)
      p-limit:
        specifier: ^7.3.0
        version: 7.3.0
      p-retry:
        specifier: ^7.1.1
        version: 7.1.1
    devDependencies:
      '@types/node':
        specifier: 'catalog:'
        version: 25.3.5

  scripts:
    devDependencies:
      '@types/node':
        specifier: 'catalog:'
        version: 25.3.5
      tsx:
        specifier: 'catalog:'
        version: 4.21.0

packages:

  '@babel/code-frame@7.29.0':
    resolution: {integrity: sha512-9NhCeYjq9+3uxgdtp20LSiJXJvN0FeCtNGpJxuMFZ1Kv3cWUNb6DOhJwUvcVCzKGR66cw4njwM6hrJLqgOwbcw==}
    engines: {node: '>=6.9.0'}

  '@babel/compat-data@7.29.0':
    resolution: {integrity: sha512-T1NCJqT/j9+cn8fvkt7jtwbLBfFC/1y1c7NtCeXFRgzGTsafi68MRv8yzkYSapBnFA6L3U2VSc02ciDzoAJhJg==}
    engines: {node: '>=6.9.0'}

  '@esbuild/linux-x64@0.27.3':
    resolution: {integrity: sha512-Czi8yzXUWIQYAtL/2y6vogER8pvcsOsk5cpwL4Gk5nJqH5UZiVByIY8Eorm5R13gq+DQKYg0+JyQoytLQas4dA==}
    engines: {node: '>=18'}
    cpu: [x64]
    os: [linux]

  3.8.1:
    resolution: {integrity: sha512-K0c1Kp4ggJbR7H8c/aLXH6E8q8VoYGaSSCAuKzs1CwKMFz6P05WCHQbGa6hSVVjK9W4V75cpDJLUZBOkGG3g+w==}
    engines: {node: '>=14'}
    hasBin: true

  5.9.3:
    resolution: {integrity: sha512-mXIZ3pH5yKoMJSFx9b3v10HqoEV1mV4+lZqmSXJ/FaXGfqVFJShs+Rc2qMyHYU4Wux3fvNEKcvj2nErs7MoUiA==}
    engines: {node: '>=14.17'}
    hasBin: true

  prettier@3.8.1:
    resolution: {integrity: sha512-K0c1Kp4ggJbR7H8c/aLXH6E8q8VoYGaSSCAuKzs1CwKMFz6P05WCHQbGa6hSVVjK9W4V75cpDJLUZBOkGG3g+w==}
    engines: {node: '>=14'}
    hasBin: true

  typescript@5.9.3:
    resolution: {integrity: sha512-mXIZ3pH5yKoMJSFx9b3v10HqoEV1mV4+lZqmSXJ/FaXGfqVFJShs+Rc2qMyHYU4Wux3fvNEKcvj2nErs7MoUiA==}
    engines: {node: '>=14.17'}
    hasBin: true

  bcryptjs@3.0.3:
    resolution: {integrity: sha512-m/kLYqJ8u9TkK0sN4kJHqHkTG+O0c3Rb0fMm5kW2eGFLH8jYmqTJR1M8L8cAC6gGGP82dPMVJ3ZXhYZJZ+6qQ==}

  cookie-parser@1.4.7:
    resolution: {integrity: sha512-/nxuC/qF7AAYq4sn4jcvp4e/GCyE9E2h6kUTfljW0y1aw7VKf+5xEb1RX7qP5GUaJ11y6TDvshAzfWvYFGT1g==}

  cors@2.8.6:
    resolution: {integrity: sha512-i9BOuIHHo3fP0y21R3e7pRiS3XnfEaEbvCB+1QXbL4NTVxJWmQAqN4A/tP0SsYHj1j2YJLuKNpCJ5hcR8Xnrg==}

  drizzle-orm@0.45.2:
    resolution: {integrity: sha512-8u0lD3xmEYVOVGxGCdQ5eEEieMvFHD8H0KjXLQkBaMJ3u+Yf1YS+yFBR7MFe0YXgScKCr0NHZ7j8MZ9A2oCBw==}
    peerDependencies:
      '@aws-sdk/client-rds-data': '*'
      '@libsql/client': '*'
      '@neondatabase/serverless': '*'
      '@prisma/client': '*'
      '@types/better-sqlite3': '*'
      '@types/pg': '*'
      'better-sqlite3': '*'
      'bun:sqlite': '*'
      mysql2: '*'
      pg: '*'
      postgres: '*'
      sqlite: '*'
      sqlite3: '*'

  express@5.2.1:
    resolution: {integrity: sha512-EGvkW0w4JpH6PCqkjcI8m7sYz4OJpPe6oZb97OQyXxI+3dYj+8JVoYoQzF9M3AGQR7CPmhbfqWL5PoQQ9d3H2w==}

  express-rate-limit@8.4.1:
    resolution: {integrity: sha512-OvZ6xN55LKNvxCHqPPvjDH/Pg5jE1PiUmNFJ1OqhGHCBMi8nJ7QFaJzRzNjjHk6HZF5KHVqQVc/l/2yTjgfHg==}
    peerDependencies:
      express: ^4.17.0 || ^5.0.0

  helmet@8.2.0:
    resolution: {integrity: sha512-Sz8MuqXlKyIBMjLcCKKfMO97Rj5/5GK5rHBFBpOPCDFRU2lPp+KXKXZ/Dc1bLlcDCL5WZ9mfnTcKQmBqH0zPg==}

  jsonwebtoken@9.0.3:
    resolution: {integrity: sha512-rXKjRUzHpLh4AkUKm9v4eHPqsDMw1W4PnTY4yl1P+UkXLlcQtZ7Hl6WjFQEQo5Ts4l8E+lVH8V6jKuF2BFeug==}

  pino@9.14.0:
    resolution: {integrity: sha512-WHVB6b3cVG8L5K1YGt/Wp8LXfGhQkVJgQy7z5RLnFiGDh8aVMCJ6XZqg3r8CxQ0C0N17bKw7c2oZVh6z2p1Uw==}

  pino-http@10.5.0:
    resolution: {integrity: sha512-zPvLs6eS8P9VBXTvdNXa2ngrLXxY4p0MLQTdwQMvMfSqHo3mCE4xYvXXXmWlAV0DM/9GNH5QrAJJmlqJFUGdVw==}
    peerDependencies:
      pino: '>=7.0.0'

  '@types/node@25.3.5':
    resolution: {integrity: sha512-ztRXUbQDk5qUKvfLKhKfKfyYG3vBaFfJwb1YPa3bVmqKSEJ3y6R5Dn8EBVnLnrKRIqMNqMVlf6Vz8UWTDrz+Q==}

  '@types/react@19.2.14':
    resolution: {integrity: sha512-O6FjnBkD9eqDQBvb6T6IfXm8xdF5kDYbJMaC5OYiE4YX8hRKM8tCJh7mlnSRVqSbLmvEjHM5z4nIpCfhgNrcg==}
    peerDependencies:
      react: '>=16.8'

  '@types/react-dom@19.2.3':
    resolution: {integrity: sha512-BcKy7gR+V6B+8bBjKY3Wfq/7vZhKGmHdU3p/N3v1/hIcNQhKz8KhYz1QMz3kbXPCvhNR0L9YWgpJo1OeaMfDA==}
    peerDependencies:
      react-dom: '>=16.8'

  'react@19.1.0':
    resolution: {integrity: sha512-xvqJQNKot/L4PcV4zB4RD3SaXyVJPgSN5VJVxI/jQd3Y1yyN0FnPlZnEbRwlKxLvkV+2VcO0jXmVvPPaEhvJg==}
    peerDependencies:
      react-dom: 19.1.0

  'react-dom@19.1.0':
    resolution: {integrity: sha512-wRJqmPDxSXJyxX6D7vLlQkBm6x41mPFmNtkiXK1grGMR6eNJY0wdRxY6bYHqrM6gsBe8rnbESFf++Rvxh8PFOw==}
    peerDependencies:
      react: 19.1.0

  zod@3.25.76:
    resolution: {integrity: sha512-eoFZv0vFvDYA8fxVxY+f+oKvqm1+5z1p/4fJ7z7DnvKDqJlvVJ/Y7PkPm6W1W8I9sZkXZ7+25hKqQBLd+8EtA==}

  '@vitejs/plugin-react@5.1.4':
    resolution: {integrity: sha512-p6sKV+yAvYdOiN4QrMmf0cNjZLd6tSvRLJ0YqF1VlpqV4aO0pXs7pSQZ/f6uq3KlPp3n1hcJfKDJkLIhVJMqQ==}
    peerDependencies:
      vite: ^4.2.0 || ^5.0.0 || ^6 || ^7

  vite@7.3.2:
    resolution: {integrity: sha512-hUVqkuiMb3XO8iNpQd1ucx41Q5FhM1B0cjLm1M5LF+I2ZIWdxpBx+/b8p8oUr4n5qZAEYp0UgNQYZUm9CqnoqA==}
    engines: {node: ^18.0.0 || >=20.0.0}
    hasBin: true
    peerDependencies:
      '@less/less': '*'
      '@rtsao/plugin-proposal-class-properties': '*'
      '@rtsao/plugin-proposal-decorators': '*'
      '@swc/core': '*'
      '@swc/helpers': '*'
      '@types/bun': '>= 1.1.0'
      '@vitest/ui': '*'
      '@vue/compiler-sfc': '*'
      autoprefixer: '*'
      sass: '*'
      stylus: '*'
      sugarss: '*'
      terser: '*'
      tsx: '*'
      unocss: '*'
      vue: '*'
      vitest: '*'
      wasm-bindgen-cli: '*'

  '@tailwindcss/vite@4.2.1':
    resolution: {integrity: sha512-2WPEY0sEE4xJCRmMlsQCJYaqLpjNZ+U0fVfH5QMnH2RlT0jq2x2rqj2vDh4PEj73ZGI5y3gEKY5/DRMS6zHFw==}
    peerDependencies:
      tailwindcss: '>=4.0.0'
      vite: '>=3'

  tailwindcss@4.2.1:
    resolution: {integrity: sha512-ks1bVPF33FAT2VjI9BoU9bxEV48ZFZvUXZl5iDXpgNsKPLI82dXf8xIRVnVBZNjI4lxKa1bO3XFvMCf1Kx+dA==}
    engines: {node: '>=18.17'}
    hasBin: true

  'class-variance-authority@0.7.1':
    resolution: {integrity: sha512-sFuHL4C4WvdSJMr5qJQyPpPUNsHSN6pL8pPjzm/BaCL7F7xNP4H1n2X9uyXhBVpzYYz6iDcJF4PXDOj5X3ucw==}

  'clsx@2.1.1':
    resolution: {integrity: sha512-eYNvFHnt5L5IvM7cst+r+YRxmqnVYr1Q/tAM1aXmYZGVVkxrj9TXRTO3R+b9PVoKTOuFzcSqboesDRtauntsLw==}

  'framer-motion@12.35.1':
    resolution: {integrity: sha512-Vxxf5K7qL5u7Z8gp5mCPSfA4dXLVYZIBg+z5eBZ0t7vEMcq0B6s6hC0S5ynAb6LWR0sP5T2WCXHCQMoViW4Kw==}
    peerDependencies:
      react: ^18.0.0 || ^19.0.0 || ^20.0.0
      react-dom: ^18.0.0 || ^19.0.0 || ^20.0.0

  'lucide-react@0.545.0':
    resolution: {integrity: sha512-2eJ4NuB6bHHYGl8WDGQQqJLFxIZpN7qqPJ1wgAUbT+xKu3nM0fDsKBW0DIrEaANRChEYkqRFKC2V2V4QQdqhw==}
    peerDependencies:
      react: ^16.5.1 || ^17.0.0 || ^18.0.0 || ^19.0.0 || ^20.0.0

  'tailwind-merge@3.5.0':
    resolution: {integrity: sha512-bK8pjHPEhOAXvOVUqVOGWJCYm/A3XYLqJp9b3S7L3cfPYhBhAh/DNPKR0O2sFrmCeYX1XKL4t9FVGQE9YfVNg==}

  '@tanstack/react-query@5.90.21':
    resolution: {integrity: sha512-VTJxWKl60qJBiOe6Zy6ydWx0jnT4u6g0rYvhxcvB3Y4VvDjWc+HFR5LlLRQXk9nPfN4qKCEg4q3RiG7VnqWfQ==}
    peerDependencies:
      react: ^16.8 || ^17.0 || ^18.0 || ^19.0

  '@replit/vite-plugin-cartographer@0.5.1':
    resolution: {integrity: sha512-eMWBpY/MFcAj45W5HwQ6jX6Uz5p6bddnOX2kzGJiKNy3VPUl8pT1dXPCRrWZT9RipAcCQIhJtVcVc5AcjqZ5g==}

  '@replit/vite-plugin-dev-banner@0.1.2':
    resolution: {integrity: sha512-7l9v9bsLJdnJWWFmR4BXLBEh4b9h8k7jC5fqvqKPMcSyVl0eTuNXkO8xC1SdEPUyswR7X4XVvJi6QrE0l0a/w==}

  '@replit/vite-plugin-runtime-error-modal@0.0.6':
    resolution: {integrity: sha512-4Zq4iq/8AJPM4d0VTc6nKVON0TnYW5mhzMJ7LLV2WqB/bZSHgxdtmS9tYCpyG1GXZF3iLfH1hjGaFEqHQPSCA==}

  '@types/bcryptjs@3.0.0':
    resolution: {integrity: sha512-w7/ZGkr8D7wFvkgqNn8sGDQN5FKvG/74lfvNe3YgTqg0SyMR7M8aOQn8B0sN5TJ3AeFXBbNhZ9iBjr8M0hKxg==}

  '@types/cookie-parser@1.4.10':
    resolution: {integrity: sha512-ycWI1aSq+AO4A8LqaNv6fkNMN7SvU8MLZH/Dv9MZb+kqELwJkP6gn8mEVLJo2fPCH8nJDM5eo3M2tWLZuO3Qw==}

  '@types/cors@2.8.19':
    resolution: {integrity: sha512-ijQn6bWmpuSSmahPqEH6cXdiqGLnDq20L7dPDjvO5kSa9mBBGBkLBfbiBxlB4/dNO0XkBVDnRdxsqVP3MxEv0g==}

  '@types/express@5.0.6':
    resolution: {integrity: sha512-Y1yjqH0K+qyJwCnfZjkCmcaLp5OO4L+SRcr7mBkpuKYMiRYmN4kGFz4lT0KQMB5bPE8C3mJBcvNGGp9gRlzBg==}

  '@types/jsonwebtoken@9.0.10':
    resolution: {integrity: sha512-n8u0A3fRwCy+qgpUaVKRg6MKAZjVwYBbfPh6tYm2ORSndD8bOBZ7ZXZX5Ts4l8E+lVH8V6jKuF2BFeug==}

  esbuild@0.27.3:
    resolution: {integrity: sha512-HxTdwUJFE7mMgjDaNA6aGlLGvA4Vkf4e8ILZVM9XKNvDXfhELB2lCJTtbSPj/xHPqEaFuKfGcxN9pdhYtVmR6w==}
    engines: {node: '>=18'}
    hasBin: true

  esbuild-plugin-pino@2.3.3:
    resolution: {integrity: sha512-rNsmRfCFLkHPQUFk9QK9B2z4ZXx0Xb0yshV2EbPmOzwKGxXvfvF+6jm8rGbxfBnMHD8cFXDPMn0BKpeLnGi3Q==}
    peerDependencies:
      esbuild: '*'
      pino-pretty: '*'
      pino: ^8 || ^9

  pino-pretty@13.1.3:
    resolution: {integrity: sha512-bkLBhNEwPcU5m92LwIGJLnCAFrSK9rQqO8m8M5cRgJXz1pN8QYvXZ/SbF8M8rWBGLvZwDXEJ8u6PzRkXKL3qg==}
    hasBin: true
    peerDependencies:
      pino: ^7.0.0 || ^8.0.0 || ^9.0.0

  thread-stream@3.1.0:
    resolution: {integrity: sha512-sYlrvOCCEQRoKp/z2SiBH6tP9YBdRo80g9D9/v3XgKxoN2MRYY+FEgpQqDy9tWvDLVEm9P5yDFKWZ5k8HCLxQ==}

  openai@6.35.0:
    resolution: {integrity: sha512-rIcEfC0yqmcfhHjFoqr9hRBpKvPBjkT7RkVtlbpCHlFBHDL/n9uL/xz0N0RW5Z9dBZKzDC4jhxWRaQr8MJ3zow==}
    engines: {node: '>=18.0.0'}
    hasBin: true
    peerDependencies:
      zod: ^3

  p-limit@7.3.0:
    resolution: {integrity: sha512-nTjpezFrMl2vHJhPm3bqZEyMd/dWr8cJPXvXlLWwT02IzUMbqZXZvCeHw+kKJWN8/FTbAKfnfDMpWXmPQ6PeQ==}
    engines: {node: '>=18'}

  p-retry@7.1.1:
    resolution: {integrity: sha512-bvNBr1p+vJ2dMwRnBPNB3TKTLPE+ItCK2Eao0ZNJ3gEz4NbSJDQXvYiL/E2Wh2hJnLFkI9K4g1DZgQvWJhSxg==}
    engines: {node: '>=18'}

  pg@8.20.0:
    resolution: {integrity: sha512-+5xKa3qnrqycEkcwdD1gOSKstSlmxWIjfn0Ch7mjeP00tr3DkgFSJ9xrEG+nnMf+flex8+9zXtsxZot/1WEAKQ==}
    engines: {node: '>= 8.0.0'}

  '@types/pg@8.18.0':
    resolution: {integrity: sha512-qfz9BM3pCQJ0HgXdMZJ3kzb4xvNZmEJl7R1FZxFLKO7jZfR1BYcuLb3PnU1mLABjqHkIkZrFzD+LJHlWvh6dg==}

  drizzle-kit@0.31.9:
    resolution: {integrity: sha512-jCMfBWzBwpWA6cB3T7R8J7pXf7oNHaKKdFjFKpY/9G+BhbpKP0nCHh0XnK7zRCUcNDFM2Q3XbcjWCFXwFN8Rw==}
    engines: {node: '>=18'}
    hasBin: true

  drizzle-zod@0.8.3:
    resolution: {integrity: sha512-w4M4M8pQJP5HcW8fnQ0sWK3fwqKbEp3ixNphG+10eX0eFa7gNVtF3RYLzFf1bYmOx/CsRhYVqrVIBEJkJGC1A==}
    peerDependencies:
      drizzle-orm: '>=0.33.0'
      zod: '>=3.0.0'

  orval@8.5.3:
    resolution: {integrity: sha512-ZHkAU8WDaJPKW0acsqKZ5OVsWjAz06eQvOBfYS8s9aqbBFnaMvMY6YDLj9z1k8+xQBRr2pNpGkOEqXZLiqfJQ==}
    hasBin: true
    peerDependencies:
      '@faker-js/faker': '>=6'
      msw: '>=2'
    peerDependenciesMeta:
      '@faker-js/faker':
        optional: true
      msw:
        optional: true
